NeoBundleLock closetag.vim 77572b488175c9b33917980540c487ceed471be4
NeoBundleLock ctrlp.vim b5d3fe66a58a13d2ff8b6391f4387608496a030f
NeoBundleLock lexima.vim e5500a6d7d49fa931432f614bcbf8ab5abc25814
NeoBundleLock limelight.vim 153e3f7b78484eb4f5d69833ebf628f44b94996d
NeoBundleLock neobundle.vim 24b7f21979d304eb8c15c301893f6ac98c425cd1
NeoBundleLock neosnippet-snippets 0dd4b86088c9162492411d4ec40a64fe369c4396
NeoBundleLock neosnippet.vim b214f7e3fd4a88651df4d4c979199bb068c51292
NeoBundleLock nerdtree 0b44415a3302030b56755cc1135ca9ca57dc1ada
NeoBundleLock nerdtree-git-plugin 23d5199f0eaee036186f3df8a87ec356905c6a32
NeoBundleLock sparkup 8eb335bb3ba1db97946eeef81480068524065ea6
NeoBundleLock supertab 9f7da6d4988daf863ebc414f221bb12c2614f59e
NeoBundleLock tcomment_vim c067932263fbb8add3c330485b14f31f791418f0
NeoBundleLock tern_for_vim 7d5444a68c93b8dff48c276aa2411b7675800208
NeoBundleLock vim-color-schemes 1718386e644f6d94dd8c1a4b37093c514a660ad9
NeoBundleLock vim-colorschemes 28a989b28457e38df620e4c7ab23e224aff70efe
NeoBundleLock vim-daylight 877695760507a2eed22a63fd86f8662203f83f89
NeoBundleLock vim-easy-align 7cb559eb70600bbd81afbb2d7f60d98334f631e2
NeoBundleLock vim-easymotion a21d4474f0e9df7a721246e0a3b386068901965f
NeoBundleLock vim-fugitive dba8a0705d95cda76d599bb7d09964d67741a5c5
NeoBundleLock vim-matchit ceaf496a3763f3c20bc7f50c2135df4f1775ae05
NeoBundleLock vim-nodejs-complete 1e2f98f4366c6dec27fa8df72971fa9fa33e9f07
NeoBundleLock vim-ruby 880f17452ce1ef2158d893b11016fb39b7812fc3
NeoBundleLock vim-scriptease 3fa4aabaecc00a3ccec376d8e6e1af19465eefe2
NeoBundleLock vim-surround 2d05440ad23f97a7874ebd9b5de3a0e65d25d85c
NeoBundleLock vimshell 3787e52766812d8b99a93ccdda57517bc2a0bab6
